// !$*UTF8*$!
{
	archiveVersion = 1;
	classes = {
	};
	objectVersion = 50;
	objects = {

/* Begin PBXBuildFile section */
		B30CBC6F253263B900D00C06 /* AppDelegate.swift in Sources */ = {isa = PBXBuildFile; fileRef = B30CBC6E253263B900D00C06 /* AppDelegate.swift */; };
		B30CBC71253263B900D00C06 /* SceneDelegate.swift in Sources */ = {isa = PBXBuildFile; fileRef = B30CBC70253263B900D00C06 /* SceneDelegate.swift */; };
		B30CBC73253263B900D00C06 /* ViewController.swift in Sources */ = {isa = PBXBuildFile; fileRef = B30CBC72253263B900D00C06 /* ViewController.swift */; };
		B30CBC76253263B900D00C06 /* Main.storyboard in Resources */ = {isa = PBXBuildFile; fileRef = B30CBC74253263B900D00C06 /* Main.storyboard */; };
		B30CBC78253263BC00D00C06 /* Assets.xcassets in Resources */ = {isa = PBXBuildFile; fileRef = B30CBC77253263BC00D00C06 /* Assets.xcassets */; };
		B30CBC7B253263BC00D00C06 /* LaunchScreen.storyboard in Resources */ = {isa = PBXBuildFile; fileRef = B30CBC79253263BC00D00C06 /* LaunchScreen.storyboard */; };
		B30CBC86253263BC00D00C06 /* tipTests.swift in Sources */ = {isa = PBXBuildFile; fileRef = B30CBC85253263BC00D00C06 /* tipTests.swift */; };
		B30CBC91253263BC00D00C06 /* tipUITests.swift in Sources */ = {isa = PBXBuildFile; fileRef = B30CBC90253263BC00D00C06 /* tipUITests.swift */; };
/* End PBXBuildFile section */

/* Begin PBXContainerItemProxy section */
		B30CBC82253263BC00D00C06 /* PBXContainerItemProxy */ = {
			isa = PBXContainerItemProxy;
			containerPortal = B30CBC63253263B900D00C06 /* Project object */;
			proxyType = 1;
			remoteGlobalIDString = B30CBC6A253263B900D00C06;
			remoteInfo = tip;
		};
		B30CBC8D253263BC00D00C06 /* PBXContainerItemProxy */ = {
			isa = PBXContainerItemProxy;
			containerPortal = B30CBC63253263B900D00C06 /* Project object */;
			proxyType = 1;
			remoteGlobalIDString = B30CBC6A253263B900D00C06;
			remoteInfo = tip;
		};
/* End PBXContainerItemProxy section */

/* Begin PBXFileReference section */
		B30CBC6B253263B900D00C06 /* tip.app */ = {isa = PBXFileReference; explicitFileType = wrapper.application; includeInIndex = 0; path = tip.app; sourceTree = BUILT_PRODUCTS_DIR; };
		B30CBC6E253263B900D00C06 /* AppDelegate.swift */ = {isa = PBXFileReference; lastKnownFileType = sourcecode.swift; path = AppDelegate.swift; sourceTree = "<group>"; };
		B30CBC70253263B900D00C06 /* SceneDelegate.swift */ = {isa = PBXFileReference; lastKnownFileType = sourcecode.swift; path = SceneDelegate.swift; sourceTree = "<group>"; };
		B30CBC72253263B900D00C06 /* ViewController.swift */ = {isa = PBXFileReference; lastKnownFileType = sourcecode.swift; path = ViewController.swift; sourceTree = "<group>"; };
		B30CBC75253263B900D00C06 /* Base */ = {isa = PBXFileReference; lastKnownFileType = file.storyboard; name = Base; path = Base.lproj/Main.storyboard; sourceTree = "<group>"; };
		B30CBC77253263BC00D00C06 /* Assets.xcassets */ = {isa = PBXFileReference; lastKnownFileType = folder.assetcatalog; path = Assets.xcassets; sourceTree = "<group>"; };
		B30CBC7A253263BC00D00C06 /* Base */ = {isa = PBXFileReference; lastKnownFileType = file.storyboard; name = Base; path = Base.lproj/LaunchScreen.storyboard; sourceTree = "<group>"; };
		B30CBC7C253263BC00D00C06 /* Info.plist */ = {isa = PBXFileReference; lastKnownFileType = text.plist.xml; path = Info.plist; sourceTree = "<group>"; };
		B30CBC81253263BC00D00C06 /* tipTests.xctest */ = {isa = PBXFileReference; explicitFileType = wrapper.cfbundle; includeInIndex = 0; path = tipTests.xctest; sourceTree = BUILT_PRODUCTS_DIR; };
		B30CBC85253263BC00D00C06 /* tipTests.swift */ = {isa = PBXFileReference; lastKnownFileType = sourcecode.swift; path = tipTests.swift; sourceTree = "<group>"; };
		B30CBC87253263BC00D00C06 /* Info.plist */ = {isa = PBXFileReference; lastKnownFileType = text.plist.xml; path = Info.plist; sourceTree = "<group>"; };
		B30CBC8C253263BC00D00C06 /* tipUITests.xctest */ = {isa = PBXFileReference; explicitFileType = wrapper.cfbundle; includeInIndex = 0; path = tipUITests.xctest; sourceTree = BUILT_PRODUCTS_DIR; };
		B30CBC90253263BC00D00C06 /* tipUITests.swift */ = {isa = PBXFileReference; lastKnownFileType = sourcecode.swift; path = tipUITests.swift; sourceTree = "<group>"; };
		B30CBC92253263BC00D00C06 /* Info.plist */ = {isa = PBXFileReference; lastKnownFileType = text.plist.xml; path = Info.plist; sourceTree = "<group>"; };
/* End PBXFileReference section */

/* Begin PBXFrameworksBuildPhase section */
		B30CBC68253263B900D00C06 /* Frameworks */ = {
			isa = PBXFrameworksBuildPhase;
			buildActionMask = 2147483647;
			files = (
			);
			runOnlyForDeploymentPostprocessing = 0;
		};
		B30CBC7E253263BC00D00C06 /* Frameworks */ = {
			isa = PBXFrameworksBuildPhase;
			buildActionMask = 2147483647;
			files = (
			);
			runOnlyForDeploymentPostprocessing = 0;
		};
		B30CBC89253263BC00D00C06 /* Frameworks */ = {
			isa = PBXFrameworksBuildPhase;
			buildActionMask = 2147483647;
			files = (
			);
			runOnlyForDeploymentPostprocessing = 0;
		};
/* End PBXFrameworksBuildPhase section */

/* Begin PBXGroup section */
		B30CBC62253263B900D00C06 = {
			isa = PBXGroup;
			children = (
				B30CBC6D253263B900D00C06 /* tip */,
				B30CBC84253263BC00D00C06 /* tipTests */,
				B30CBC8F253263BC00D00C06 /* tipUITests */,
				B30CBC6C253263B900D00C06 /* Products */,
			);
			sourceTree = "<group>";
		};
		B30CBC6C253263B900D00C06 /* Products */ = {
			isa = PBXGroup;
			children = (
				B30CBC6B253263B900D00C06 /* tip.app */,
				B30CBC81253263BC00D00C06 /* tipTests.xctest */,
				B30CBC8C253263BC00D00C06 /* tipUITests.xctest */,
			);
			name = Products;
			sourceTree = "<group>";
		};
		B30CBC6D253263B900D00C06 /* tip */ = {
			isa = PBXGroup;
			children = (
				B30CBC6E253263B900D00C06 /* AppDelegate.swift */,
				B30CBC70253263B900D00C06 /* SceneDelegate.swift */,
				B30CBC72253263B900D00C06 /* ViewController.swift */,
				B30CBC74253263B900D00C06 /* Main.storyboard */,
				B30CBC77253263BC00D00C06 /* Assets.xcassets */,
				B30CBC79253263BC00D00C06 /* LaunchScreen.storyboard */,
				B30CBC7C253263BC00D00C06 /* Info.plist */,
			);
			path = tip;
			sourceTree = "<group>";
		};
		B30CBC84253263BC00D00C06 /* tipTests */ = {
			isa = PBXGroup;
			children = (
				B30CBC85253263BC00D00C06 /* tipTests.swift */,
				B30CBC87253263BC00D00C06 /* Info.plist */,
			);
			path = tipTests;
			sourceTree = "<group>";
		};
		B30CBC8F253263BC00D00C06 /* tipUITests */ = {
			isa = PBXGroup;
			children = (
				B30CBC90253263BC00D00C06 /* tipUITests.swift */,
				B30CBC92253263BC00D00C06 /* Info.plist */,
			);
			path = tipUITests;
			sourceTree = "<group>";
		};
/* End PBXGroup section */

/* Begin PBXNativeTarget section */
		B30CBC6A253263B900D00C06 /* tip */ = {
			isa = PBXNativeTarget;
			buildConfigurationList = B30CBC95253263BC00D00C06 /* Build configuration list for PBXNativeTarget "tip" */;
			buildPhases = (
				B30CBC67253263B900D00C06 /* Sources */,
				B30CBC68253263B900D00C06 /* Frameworks */,
				B30CBC69253263B900D00C06 /* Resources */,
			);
			buildRules = (
			);
			dependencies = (
			);
			name = tip;
			productName = tip;
			productReference = B30CBC6B253263B900D00C06 /* tip.app */;
			productType = "com.apple.product-type.application";
		};
		B30CBC80253263BC00D00C06 /* tipTests */ = {
			isa = PBXNativeTarget;
			buildConfigurationList = B30CBC98253263BC00D00C06 /* Build configuration list for PBXNativeTarget "tipTests" */;
			buildPhases = (
				B30CBC7D253263BC00D00C06 /* Sources */,
				B30CBC7E253263BC00D00C06 /* Frameworks */,
				B30CBC7F253263BC00D00C06 /* Resources */,
			);
			buildRules = (
			);
			dependencies = (
				B30CBC83253263BC00D00C06 /* PBXTargetDependency */,
			);
			name = tipTests;
			productName = tipTests;
			productReference = B30CBC81253263BC00D00C06 /* tipTests.xctest */;
			productType = "com.apple.product-type.bundle.unit-test";
		};
		B30CBC8B253263BC00D00C06 /* tipUITests */ = {
			isa = PBXNativeTarget;
			buildConfigurationList = B30CBC9B253263BC00D00C06 /* Build configuration list for PBXNativeTarget "tipUITests" */;
			buildPhases = (
				B30CBC88253263BC00D00C06 /* Sources */,
				B30CBC89253263BC00D00C06 /* Frameworks */,
				B30CBC8A253263BC00D00C06 /* Resources */,
			);
			buildRules = (
			);
			dependencies = (
				B30CBC8E253263BC00D00C06 /* PBXTargetDependency */,
			);
			name = tipUITests;
			productName = tipUITests;
			productReference = B30CBC8C253263BC00D00C06 /* tipUITests.xctest */;
			productType = "com.apple.product-type.bundle.ui-testing";
		};
/* End PBXNativeTarget section */

/* Begin PBXProject section */
		B30CBC63253263B900D00C06 /* Project object */ = {
			isa = PBXProject;
			attributes = {
				LastSwiftUpdateCheck = 1200;
				LastUpgradeCheck = 1200;
				TargetAttributes = {
					B30CBC6A253263B900D00C06 = {
						CreatedOnToolsVersion = 12.0.1;
					};
					B30CBC80253263BC00D00C06 = {
						CreatedOnToolsVersion = 12.0.1;
						TestTargetID = B30CBC6A253263B900D00C06;
					};
					B30CBC8B253263BC00D00C06 = {
						CreatedOnToolsVersion = 12.0.1;
						TestTargetID = B30CBC6A253263B900D00C06;
					};
				};
			};
			buildConfigurationList = B30CBC66253263B900D00C06 /* Build configuration list for PBXProject "tip" */;
			compatibilityVersion = "Xcode 9.3";
			developmentRegion = en;
			hasScannedForEncodings = 0;
			knownRegions = (
				en,
				Base,
			);
			mainGroup = B30CBC62253263B900D00C06;
			productRefGroup = B30CBC6C253263B900D00C06 /* Products */;
			projectDirPath = "";
			projectRoot = "";
			targets = (
				B30CBC6A253263B900D00C06 /* tip */,
				B30CBC80253263BC00D00C06 /* tipTests */,
				B30CBC8B253263BC00D00C06 /* tipUITests */,
			);
		};
/* End PBXProject section */

/* Begin PBXResourcesBuildPhase section */
		B30CBC69253263B900D00C06 /* Resources */ = {
			isa = PBXResourcesBuildPhase;
			buildActionMask = 2147483647;
			files = (
				B30CBC7B253263BC00D00C06 /* LaunchScreen.storyboard in Resources */,
				B30CBC78253263BC00D00C06 /* Assets.xcassets in Resources */,
				B30CBC76253263B900D00C06 /* Main.storyboard in Resources */,
			);
			runOnlyForDeploymentPostprocessing = 0;
		};
		B30CBC7F253263BC00D00C06 /* Resources */ = {
			isa = PBXResourcesBuildPhase;
			buildActionMask = 2147483647;
			files = (
			);
			runOnlyForDeploymentPostprocessing = 0;
		};
		B30CBC8A253263BC00D00C06 /* Resources */ = {
			isa = PBXResourcesBuildPhase;
			buildActionMask = 2147483647;
			files = (
			);
			runOnlyForDeploymentPostprocessing = 0;
		};
/* End PBXResourcesBuildPhase section */

/* Begin PBXSourcesBuildPhase section */
		B30CBC67253263B900D00C06 /* Sources */ = {
			isa = PBXSourcesBuildPhase;
			buildActionMask = 2147483647;
			files = (
				B30CBC73253263B900D00C06 /* ViewController.swift in Sources */,
				B30CBC6F253263B900D00C06 /* AppDelegate.swift in Sources */,
				B30CBC71253263B900D00C06 /* SceneDelegate.swift in Sources */,
			);
			runOnlyForDeploymentPostprocessing = 0;
		};
		B30CBC7D253263BC00D00C06 /* Sources */ = {
			isa = PBXSourcesBuildPhase;
			buildActionMask = 2147483647;
			files = (
				B30CBC86253263BC00D00C06 /* tipTests.swift in Sources */,
			);
			runOnlyForDeploymentPostprocessing = 0;
		};
		B30CBC88253263BC00D00C06 /* Sources */ = {
			isa = PBXSourcesBuildPhase;
			buildActionMask = 2147483647;
			files = (
				B30CBC91253263BC00D00C06 /* tipUITests.swift in Sources */,
			);
			runOnlyForDeploymentPostprocessing = 0;
		};
/* End PBXSourcesBuildPhase section */

/* Begin PBXTargetDependency section */
		B30CBC83253263BC00D00C06 /* PBXTargetDependency */ = {
			isa = PBXTargetDependency;
			target = B30CBC6A253263B900D00C06 /* tip */;
			targetProxy = B30CBC82253263BC00D00C06 /* PBXContainerItemProxy */;
		};
		B30CBC8E253263BC00D00C06 /* PBXTargetDependency */ = {
			isa = PBXTargetDependency;
			target = B30CBC6A253263B900D00C06 /* tip */;
			targetProxy = B30CBC8D253263BC00D00C06 /* PBXContainerItemProxy */;
		};
/* End PBXTargetDependency section */

/* Begin PBXVariantGroup section */
		B30CBC74253263B900D00C06 /* Main.storyboard */ = {
			isa = PBXVariantGroup;
			children = (
				B30CBC75253263B900D00C06 /* Base */,
			);
			name = Main.storyboard;
			sourceTree = "<group>";
		};
		B30CBC79253263BC00D00C06 /* LaunchScreen.storyboard */ = {
			isa = PBXVariantGroup;
			children = (
				B30CBC7A253263BC00D00C06 /* Base */,
			);
			name = LaunchScreen.storyboard;
			sourceTree = "<group>";
		};
/* End PBXVariantGroup section */

/* Begin XCBuildConfiguration section */
		B30CBC93253263BC00D00C06 /* Debug */ = {
			isa = XCBuildConfiguration;
			buildSettings = {
				ALWAYS_SEARCH_USER_PATHS = NO;
				CLANG_ANALYZER_NONNULL = YES;
				CLANG_ANALYZER_NUMBER_OBJECT_CONVERSION = YES_AGGRESSIVE;
				CLANG_CXX_LANGUAGE_STANDARD = "gnu++14";
				CLANG_CXX_LIBRARY = "libc++";
				CLANG_ENABLE_MODULES = YES;
				CLANG_ENABLE_OBJC_ARC = YES;
				CLANG_ENABLE_OBJC_WEAK = YES;
				CLANG_WARN_BLOCK_CAPTURE_AUTORELEASING = YES;
				CLANG_WARN_BOOL_CONVERSION = YES;
				CLANG_WARN_COMMA = YES;
				CLANG_WARN_CONSTANT_CONVERSION = YES;
				CLANG_WARN_DEPRECATED_OBJC_IMPLEMENTATIONS = YES;
				CLANG_WARN_DIRECT_OBJC_ISA_USAGE = YES_ERROR;
				CLANG_WARN_DOCUMENTATION_COMMENTS = YES;
				CLANG_WARN_EMPTY_BODY = YES;
				CLANG_WARN_ENUM_CONVERSION = YES;
				CLANG_WARN_INFINITE_RECURSION = YES;
				CLANG_WARN_INT_CONVERSION = YES;
				CLANG_WARN_NON_LITERAL_NULL_CONVERSION = YES;
				CLANG_WARN_OBJC_IMPLICIT_RETAIN_SELF = YES;
				CLANG_WARN_OBJC_LITERAL_CONVERSION = YES;
				CLANG_WARN_OBJC_ROOT_CLASS = YES_ERROR;
				CLANG_WARN_QUOTED_INCLUDE_IN_FRAMEWORK_HEADER = YES;
				CLANG_WARN_RANGE_LOOP_ANALYSIS = YES;
				CLANG_WARN_STRICT_PROTOTYPES = YES;
				CLANG_WARN_SUSPICIOUS_MOVE = YES;
				CLANG_WARN_UNGUARDED_AVAILABILITY = YES_AGGRESSIVE;
				CLANG_WARN_UNREACHABLE_CODE = YES;
				CLANG_WARN__DUPLICATE_METHOD_MATCH = YES;
				COPY_PHASE_STRIP = NO;
				DEBUG_INFORMATION_FORMAT = dwarf;
				ENABLE_STRICT_OBJC_MSGSEND = YES;
				ENABLE_TESTABILITY = YES;
				GCC_C_LANGUAGE_STANDARD = gnu11;
				GCC_DYNAMIC_NO_PIC = NO;
				GCC_NO_COMMON_BLOCKS = YES;
				GCC_OPTIMIZATION_LEVEL = 0;
				GCC_PREPROCESSOR_DEFINITIONS = (
					"DEBUG=1",
					"$(inherited)",
				);
				GCC_WARN_64_TO_32_BIT_CONVERSION = YES;
				GCC_WARN_ABOUT_RETURN_TYPE = YES_ERROR;
				GCC_WARN_UNDECLARED_SELECTOR = YES;
				GCC_WARN_UNINITIALIZED_AUTOS = YES_AGGRESSIVE;
				GCC_WARN_UNUSED_FUNCTION = YES;
				GCC_WARN_UNUSED_VARIABLE = YES;
				IPHONEOS_DEPLOYMENT_TARGET = 14.0;
				MTL_ENABLE_DEBUG_INFO = INCLUDE_SOURCE;
				MTL_FAST_MATH = YES;
				ONLY_ACTIVE_ARCH = YES;
				SDKROOT = iphoneos;
				SWIFT_ACTIVE_COMPILATION_CONDITIONS = DEBUG;
				SWIFT_OPTIMIZATION_LEVEL = "-Onone";
			};
			name = Debug;
		};
		B30CBC94253263BC00D00C06 /* Release */ = {
			isa = XCBuildConfiguration;
			buildSettings = {
				ALWAYS_SEARCH_USER_PATHS = NO;
				CLANG_ANALYZER_NONNULL = YES;
				CLANG_ANALYZER_NUMBER_OBJECT_CONVERSION = YES_AGGRESSIVE;
				CLANG_CXX_LANGUAGE_STANDARD = "gnu++14";
				CLANG_CXX_LIBRARY = "libc++";
				CLANG_ENABLE_MODULES = YES;
				CLANG_ENABLE_OBJC_ARC = YES;
				CLANG_ENABLE_OBJC_WEAK = YES;
				CLANG_WARN_BLOCK_CAPTURE_AUTORELEASING = YES;
				CLANG_WARN_BOOL_CONVERSION = YES;
				CLANG_WARN_COMMA = YES;
				CLANG_WARN_CONSTANT_CONVERSION = YES;
				CLANG_WARN_DEPRECATED_OBJC_IMPLEMENTATIONS = YES;
				CLANG_WARN_DIRECT_OBJC_ISA_USAGE = YES_ERROR;
				CLANG_WARN_DOCUMENTATION_COMMENTS = YES;
				CLANG_WARN_EMPTY_BODY = YES;
				CLANG_WARN_ENUM_CONVERSION = YES;
				CLANG_WARN_INFINITE_RECURSION = YES;
				CLANG_WARN_INT_CONVERSION = YES;
				CLANG_WARN_NON_LITERAL_NULL_CONVERSION = YES;
				CLANG_WARN_OBJC_IMPLICIT_RETAIN_SELF = YES;
				CLANG_WARN_OBJC_LITERAL_CONVERSION = YES;
				CLANG_WARN_OBJC_ROOT_CLASS = YES_ERROR;
				CLANG_WARN_QUOTED_INCLUDE_IN_FRAMEWORK_HEADER = YES;
				CLANG_WARN_RANGE_LOOP_ANALYSIS = YES;
				CLANG_WARN_STRICT_PROTOTYPES = YES;
				CLANG_WARN_SUSPICIOUS_MOVE = YES;
				CLANG_WARN_UNGUARDED_AVAILABILITY = YES_AGGRESSIVE;
				CLANG_WARN_UNREACHABLE_CODE = YES;
				CLANG_WARN__DUPLICATE_METHOD_MATCH = YES;
				COPY_PHASE_STRIP = NO;
				DEBUG_INFORMATION_FORMAT = "dwarf-with-dsym";
				ENABLE_NS_ASSERTIONS = NO;
				ENABLE_STRICT_OBJC_MSGSEND = YES;
				GCC_C_LANGUAGE_STANDARD = gnu11;
				GCC_NO_COMMON_BLOCKS = YES;
				GCC_WARN_64_TO_32_BIT_CONVERSION = YES;
				GCC_WARN_ABOUT_RETURN_TYPE = YES_ERROR;
				GCC_WARN_UNDECLARED_SELECTOR = YES;
				GCC_WARN_UNINITIALIZED_AUTOS = YES_AGGRESSIVE;
				GCC_WARN_UNUSED_FUNCTION = YES;
				GCC_WARN_UNUSED_VARIABLE = YES;
				IPHONEOS_DEPLOYMENT_TARGET = 14.0;
				MTL_ENABLE_DEBUG_INFO = NO;
				MTL_FAST_MATH = YES;
				SDKROOT = iphoneos;
				SWIFT_COMPILATION_MODE = wholemodule;
				SWIFT_OPTIMIZATION_LEVEL = "-O";
				VALIDATE_PRODUCT = YES;
			};
			name = Release;
		};
		B30CBC96253263BC00D00C06 /* Debug */ = {
			isa = XCBuildConfiguration;
			buildSettings = {
				ASSETCATALOG_COMPILER_APPICON_NAME = AppIcon;
				ASSETCATALOG_COMPILER_GLOBAL_ACCENT_COLOR_NAME = AccentColor;
				CODE_SIGN_STYLE = Automatic;
				INFOPLIST_FILE = tip/Info.plist;
				LD_RUNPATH_SEARCH_PATHS = (
					"$(inherited)",
					"@executable_path/Frameworks",
				);
				PRODUCT_BUNDLE_IDENTIFIER = Codepath.tip;
				PRODUCT_NAME = "$(TARGET_NAME)";
				SWIFT_VERSION = 5.0;
				TARGETED_DEVICE_FAMILY = "1,2";
			};
			name = Debug;
		};
		B30CBC97253263BC00D00C06 /* Release */ = {
			isa = XCBuildConfiguration;
			buildSettings = {
				ASSETCATALOG_COMPILER_APPICON_NAME = AppIcon;
				ASSETCATALOG_COMPILER_GLOBAL_ACCENT_COLOR_NAME = AccentColor;
				CODE_SIGN_STYLE = Automatic;
				INFOPLIST_FILE = tip/Info.plist;
				LD_RUNPATH_SEARCH_PATHS = (
					"$(inherited)",
					"@executable_path/Frameworks",
				);
				PRODUCT_BUNDLE_IDENTIFIER = Codepath.tip;
				PRODUCT_NAME = "$(TARGET_NAME)";
				SWIFT_VERSION = 5.0;
				TARGETED_DEVICE_FAMILY = "1,2";
			};
			name = Release;
		};
		B30CBC99253263BC00D00C06 /* Debug */ = {
			isa = XCBuildConfiguration;
			buildSettings = {
				ALWAYS_EMBED_SWIFT_STANDARD_LIBRARIES = YES;
				BUNDLE_LOADER = "$(TEST_HOST)";
				CODE_SIGN_STYLE = Automatic;
				INFOPLIST_FILE = tipTests/Info.plist;
				IPHONEOS_DEPLOYMENT_TARGET = 14.0;
				LD_RUNPATH_SEARCH_PATHS = (
					"$(inherited)",
					"@executable_path/Frameworks",
					"@loader_path/Frameworks",
				);
				PRODUCT_BUNDLE_IDENTIFIER = Codepath.tipTests;
				PRODUCT_NAME = "$(TARGET_NAME)";
				SWIFT_VERSION = 5.0;
				TARGETED_DEVICE_FAMILY = "1,2";
				TEST_HOST = "$(BUILT_PRODUCTS_DIR)/tip.app/tip";
			};
			name = Debug;
		};
		B30CBC9A253263BC00D00C06 /* Release */ = {
			isa = XCBuildConfiguration;
			buildSettings = {
				ALWAYS_EMBED_SWIFT_STANDARD_LIBRARIES = YES;
				BUNDLE_LOADER = "$(TEST_HOST)";
				CODE_SIGN_STYLE = Automatic;
				INFOPLIST_FILE = tipTests/Info.plist;
				IPHONEOS_DEPLOYMENT_TARGET = 14.0;
				LD_RUNPATH_SEARCH_PATHS = (
					"$(inherited)",
					"@executable_path/Frameworks",
					"@loader_path/Frameworks",
				);
				PRODUCT_BUNDLE_IDENTIFIER = Codepath.tipTests;
				PRODUCT_NAME = "$(TARGET_NAME)";
				SWIFT_VERSION = 5.0;
				TARGETED_DEVICE_FAMILY = "1,2";
				TEST_HOST = "$(BUILT_PRODUCTS_DIR)/tip.app/tip";
			};
			name = Release;
		};
		B30CBC9C253263BC00D00C06 /* Debug */ = {
			isa = XCBuildConfiguration;
			buildSettings = {
				ALWAYS_EMBED_SWIFT_STANDARD_LIBRARIES = YES;
				CODE_SIGN_STYLE = Automatic;
				INFOPLIST_FILE = tipUITests/Info.plist;
				LD_RUNPATH_SEARCH_PATHS = (
					"$(inherited)",
					"@executable_path/Frameworks",
					"@loader_path/Frameworks",
				);
				PRODUCT_BUNDLE_IDENTIFIER = Codepath.tipUITests;
				PRODUCT_NAME = "$(TARGET_NAME)";
				SWIFT_VERSION = 5.0;
				TARGETED_DEVICE_FAMILY = "1,2";
				TEST_TARGET_NAME = tip;
			};
			name = Debug;
		};
		B30CBC9D253263BC00D00C06 /* Release */ = {
			isa = XCBuildConfiguration;
			buildSettings = {
				ALWAYS_EMBED_SWIFT_STANDARD_LIBRARIES = YES;
				CODE_SIGN_STYLE = Automatic;
				INFOPLIST_FILE = tipUITests/Info.plist;
				LD_RUNPATH_SEARCH_PATHS = (
					"$(inherited)",
					"@executable_path/Frameworks",
					"@loader_path/Frameworks",
				);
				PRODUCT_BUNDLE_IDENTIFIER = Codepath.tipUITests;
				PRODUCT_NAME = "$(TARGET_NAME)";
				SWIFT_VERSION = 5.0;
				TARGETED_DEVICE_FAMILY = "1,2";
				TEST_TARGET_NAME = tip;
			};
			name = Release;
		};
/* End XCBuildConfiguration section */

/* Begin XCConfigurationList section */
		B30CBC66253263B900D00C06 /* Build configuration list for PBXProject "tip" */ = {
			isa = XCConfigurationList;
			buildConfigurations = (
				B30CBC93253263BC00D00C06 /* Debug */,
				B30CBC94253263BC00D00C06 /* Release */,
			);
			defaultConfigurationIsVisible = 0;
			defaultConfigurationName = Release;
		};
		B30CBC95253263BC00D00C06 /* Build configuration list for PBXNativeTarget "tip" */ = {
			isa = XCConfigurationList;
			buildConfigurations = (
				B30CBC96253263BC00D00C06 /* Debug */,
				B30CBC97253263BC00D00C06 /* Release */,
			);
			defaultConfigurationIsVisible = 0;
			defaultConfigurationName = Release;
		};
		B30CBC98253263BC00D00C06 /* Build configuration list for PBXNativeTarget "tipTests" */ = {
			isa = XCConfigurationList;
			buildConfigurations = (
				B30CBC99253263BC00D00C06 /* Debug */,
				B30CBC9A253263BC00D00C06 /* Release */,
			);
			defaultConfigurationIsVisible = 0;
			defaultConfigurationName = Release;
		};
		B30CBC9B253263BC00D00C06 /* Build configuration list for PBXNativeTarget "tipUITests" */ = {
			isa = XCConfigurationList;
			buildConfigurations = (
				B30CBC9C253263BC00D00C06 /* Debug */,
				B30CBC9D253263BC00D00C06 /* Release */,
			);
			defaultConfigurationIsVisible = 0;
			defaultConfigurationName = Release;
		};
/* End XCConfigurationList section */
	};
	rootObject = B30CBC63253263B900D00C06 /* Project object */;
}
